
Microsoft Visual Studio Solution File, Format Version 12.00
# Visual Studio Version 16
VisualStudioVersion = 16.0.29424.173
MinimumVisualStudioVersion = 10.0.40219.1
Project("{FAE04EC0-301F-11D3-BF4B-00C04F79EFBC}") = "实验1_1-2", "实验1_1-2.csproj", "{CF2284F6-83C4-49D1-91FA-2627134213FD}"
EndProject
Global
	GlobalSection(SolutionConfigurationPlatforms) = preSolution
		Debug|Any CPU = Debug|Any CPU
		Release|Any CPU = Release|Any CPU
	EndGlobalSection
	GlobalSection(ProjectConfigurationPlatforms) = postSolution
		{CF2284F6-83C4-49D1-91FA-2627134213FD}.Debug|Any CPU.ActiveCfg = Debug|Any CPU
		{CF2284F6-83C4-49D1-91FA-2627134213FD}.Debug|Any CPU.Build.0 = Debug|Any CPU
		{CF2284F6-83C4-49D1-91FA-2627134213FD}.Release|Any CPU.ActiveCfg = Release|Any CPU
		{CF2284F6-83C4-49D1-91FA-2627134213FD}.Release|Any CPU.Build.0 = Release|Any CPU
	EndGlobalSection
	GlobalSection(SolutionProperties) = preSolution
		HideSolutionNode = FALSE
	EndGlobalSection
	GlobalSection(ExtensibilityGlobals) = postSolution
		SolutionGuid = {AE2A91F4-113C-4558-A9AC-78B951123197}
	EndGlobalSection
EndGlobal
